
Microsoft Visual Studio Solution File, Format Version 12.00
Project("{FAE04EC0-301F-11D3-BF4B-00C04F79EFBC}") = "PackBear", "PackBear\PackBear.csproj", "{69C2AC2D-DD72-4F8C-843E-42F83AB0F633}"
EndProject
Project("{FAE04EC0-301F-11D3-BF4B-00C04F79EFBC}") = "PackBearTests", "PackBearTests\PackBearTests.csproj", "{833D9A1A-2E4F-4119-A54E-B7505AB4CC17}"
EndProject
Global
	GlobalSection(SolutionConfigurationPlatforms) = preSolution
		Debug|Any CPU = Debug|Any CPU
		Release|Any CPU = Release|Any CPU
	EndGlobalSection
	GlobalSection(ProjectConfigurationPlatforms) = postSolution
		{69C2AC2D-DD72-4F8C-843E-42F83AB0F633}.Debug|Any CPU.ActiveCfg = Debug|Any CPU
		{69C2AC2D-DD72-4F8C-843E-42F83AB0F633}.Debug|Any CPU.Build.0 = Debug|Any CPU
		{69C2AC2D-DD72-4F8C-843E-42F83AB0F633}.Release|Any CPU.ActiveCfg = Release|Any CPU
		{69C2AC2D-DD72-4F8C-843E-42F83AB0F633}.Release|Any CPU.Build.0 = Release|Any CPU
		{833D9A1A-2E4F-4119-A54E-B7505AB4CC17}.Debug|Any CPU.ActiveCfg = Debug|Any CPU
		{833D9A1A-2E4F-4119-A54E-B7505AB4CC17}.Debug|Any CPU.Build.0 = Debug|Any CPU
		{833D9A1A-2E4F-4119-A54E-B7505AB4CC17}.Release|Any CPU.ActiveCfg = Release|Any CPU
		{833D9A1A-2E4F-4119-A54E-B7505AB4CC17}.Release|Any CPU.Build.0 = Release|Any CPU
	EndGlobalSection
EndGlobal
